
Microsoft Visual Studio Solution File, Format Version 12.00
# Visual Studio 15
VisualStudioVersion = 15.0.28010.2050
MinimumVisualStudioVersion = 10.0.40219.1
Project("{FAE04EC0-301F-11D3-BF4B-00C04F79EFBC}") = "Xamarin.ConsumingAPI.Android", "Xamarin.ConsumingAPI\Xamarin.ConsumingAPI.Android\Xamarin.ConsumingAPI.Android.csproj", "{5D5FF8AF-4F79-4EA9-B688-DD0EFDFAC73E}"
EndProject
Project("{FAE04EC0-301F-11D3-BF4B-00C04F79EFBC}") = "Xamarin.ConsumingAPI.iOS", "Xamarin.ConsumingAPI\Xamarin.ConsumingAPI.iOS\Xamarin.ConsumingAPI.iOS.csproj", "{F9F0390E-1774-42B3-B887-79F2ADB90CAD}"
EndProject
Project("{FAE04EC0-301F-11D3-BF4B-00C04F79EFBC}") = "Xamarin.ConsumingAPI", "Xamarin.ConsumingAPI\Xamarin.ConsumingAPI\Xamarin.ConsumingAPI.csproj", "{22C51EE4-363B-4EC4-8F3E-CB62D9D74C81}"
EndProject
Global
	GlobalSection(SolutionConfigurationPlatforms) = preSolution
		Ad-Hoc|Any CPU = Ad-Hoc|Any CPU
		Ad-Hoc|iPhone = Ad-Hoc|iPhone
		Ad-Hoc|iPhoneSimulator = Ad-Hoc|iPhoneSimulator
		AppStore|Any CPU = AppStore|Any CPU
		AppStore|iPhone = AppStore|iPhone
		AppStore|iPhoneSimulator = AppStore|iPhoneSimulator
		Debug|Any CPU = Debug|Any CPU
		Debug|iPhone = Debug|iPhone
		Debug|iPhoneSimulator = Debug|iPhoneSimulator
		Release|Any CPU = Release|Any CPU
		Release|iPhone = Release|iPhone
		Release|iPhoneSimulator = Release|iPhoneSimulator
	EndGlobalSection
	GlobalSection(ProjectConfigurationPlatforms) = postSolution
		{5D5FF8AF-4F79-4EA9-B688-DD0EFDFAC73E}.Ad-Hoc|Any CPU.ActiveCfg = Release|Any CPU
		{5D5FF8AF-4F79-4EA9-B688-DD0EFDFAC73E}.Ad-Hoc|Any CPU.Build.0 = Release|Any CPU
		{5D5FF8AF-4F79-4EA9-B688-DD0EFDFAC73E}.Ad-Hoc|Any CPU.Deploy.0 = Release|Any CPU
		{5D5FF8AF-4F79-4EA9-B688-DD0EFDFAC73E}.Ad-Hoc|iPhone.ActiveCfg = Release|Any CPU
		{5D5FF8AF-4F79-4EA9-B688-DD0EFDFAC73E}.Ad-Hoc|iPhone.Build.0 = Release|Any CPU
		{5D5FF8AF-4F79-4EA9-B688-DD0EFDFAC73E}.Ad-Hoc|iPhone.Deploy.0 = Release|Any CPU
		{5D5FF8AF-4F79-4EA9-B688-DD0EFDFAC73E}.Ad-Hoc|iPhoneSimulator.ActiveCfg = Release|Any CPU
		{5D5FF8AF-4F79-4EA9-B688-DD0EFDFAC73E}.Ad-Hoc|iPhoneSimulator.Build.0 = Release|Any CPU
		{5D5FF8AF-4F79-4EA9-B688-DD0EFDFAC73E}.Ad-Hoc|iPhoneSimulator.Deploy.0 = Release|Any CPU
		{5D5FF8AF-4F79-4EA9-B688-DD0EFDFAC73E}.AppStore|Any CPU.ActiveCfg = Release|Any CPU
		{5D5FF8AF-4F79-4EA9-B688-DD0EFDFAC73E}.AppStore|Any CPU.Build.0 = Release|Any CPU
		{5D5FF8AF-4F79-4EA9-B688-DD0EFDFAC73E}.AppStore|Any CPU.Deploy.0 = Release|Any CPU
		{5D5FF8AF-4F79-4EA9-B688-DD0EFDFAC73E}.AppStore|iPhone.ActiveCfg = Release|Any CPU
		{5D5FF8AF-4F79-4EA9-B688-DD0EFDFAC73E}.AppStore|iPhone.Build.0 = Release|Any CPU
		{5D5FF8AF-4F79-4EA9-B688-DD0EFDFAC73E}.AppStore|iPhone.Deploy.0 = Release|Any CPU
		{5D5FF8AF-4F79-4EA9-B688-DD0EFDFAC73E}.AppStore|iPhoneSimulator.ActiveCfg = Release|Any CPU
		{5D5FF8AF-4F79-4EA9-B688-DD0EFDFAC73E}.AppStore|iPhoneSimulator.Build.0 = Release|Any CPU
		{5D5FF8AF-4F79-4EA9-B688-DD0EFDFAC73E}.AppStore|iPhoneSimulator.Deploy.0 = Release|Any CPU
		{5D5FF8AF-4F79-4EA9-B688-DD0EFDFAC73E}.Debug|Any CPU.ActiveCfg = Debug|Any CPU
		{5D5FF8AF-4F79-4EA9-B688-DD0EFDFAC73E}.Debug|Any CPU.Build.0 = Debug|Any CPU
		{5D5FF8AF-4F79-4EA9-B688-DD0EFDFAC73E}.Debug|Any CPU.Deploy.0 = Debug|Any CPU
		{5D5FF8AF-4F79-4EA9-B688-DD0EFDFAC73E}.Debug|iPhone.ActiveCfg = Debug|Any CPU
		{5D5FF8AF-4F79-4EA9-B688-DD0EFDFAC73E}.Debug|iPhone.Build.0 = Debug|Any CPU
		{5D5FF8AF-4F79-4EA9-B688-DD0EFDFAC73E}.Debug|iPhone.Deploy.0 = Debug|Any CPU
		{5D5FF8AF-4F79-4EA9-B688-DD0EFDFAC73E}.Debug|iPhoneSimulator.ActiveCfg = Debug|Any CPU
		{5D5FF8AF-4F79-4EA9-B688-DD0EFDFAC73E}.Debug|iPhoneSimulator.Build.0 = Debug|Any CPU
		{5D5FF8AF-4F79-4EA9-B688-DD0EFDFAC73E}.Debug|iPhoneSimulator.Deploy.0 = Debug|Any CPU
		{5D5FF8AF-4F79-4EA9-B688-DD0EFDFAC73E}.Release|Any CPU.ActiveCfg = Release|Any CPU
		{5D5FF8AF-4F79-4EA9-B688-DD0EFDFAC73E}.Release|Any CPU.Build.0 = Release|Any CPU
		{5D5FF8AF-4F79-4EA9-B688-DD0EFDFAC73E}.Release|Any CPU.Deploy.0 = Release|Any CPU
		{5D5FF8AF-4F79-4EA9-B688-DD0EFDFAC73E}.Release|iPhone.ActiveCfg = Release|Any CPU
		{5D5FF8AF-4F79-4EA9-B688-DD0EFDFAC73E}.Release|iPhone.Build.0 = Release|Any CPU
		{5D5FF8AF-4F79-4EA9-B688-DD0EFDFAC73E}.Release|iPhone.Deploy.0 = Release|Any CPU
		{5D5FF8AF-4F79-4EA9-B688-DD0EFDFAC73E}.Release|iPhoneSimulator.ActiveCfg = Release|Any CPU
		{5D5FF8AF-4F79-4EA9-B688-DD0EFDFAC73E}.Release|iPhoneSimulator.Build.0 = Release|Any CPU
		{5D5FF8AF-4F79-4EA9-B688-DD0EFDFAC73E}.Release|iPhoneSimulator.Deploy.0 = Release|Any CPU
		{F9F0390E-1774-42B3-B887-79F2ADB90CAD}.Ad-Hoc|Any CPU.ActiveCfg = Ad-Hoc|iPhone
		{F9F0390E-1774-42B3-B887-79F2ADB90CAD}.Ad-Hoc|Any CPU.Build.0 = Ad-Hoc|iPhone
		{F9F0390E-1774-42B3-B887-79F2ADB90CAD}.Ad-Hoc|Any CPU.Deploy.0 = Ad-Hoc|iPhone
		{F9F0390E-1774-42B3-B887-79F2ADB90CAD}.Ad-Hoc|iPhone.ActiveCfg = Ad-Hoc|iPhone
		{F9F0390E-1774-42B3-B887-79F2ADB90CAD}.Ad-Hoc|iPhone.Build.0 = Ad-Hoc|iPhone
		{F9F0390E-1774-42B3-B887-79F2ADB90CAD}.Ad-Hoc|iPhone.Deploy.0 = Ad-Hoc|iPhone
		{F9F0390E-1774-42B3-B887-79F2ADB90CAD}.Ad-Hoc|iPhoneSimulator.ActiveCfg = Ad-Hoc|iPhoneSimulator
		{F9F0390E-1774-42B3-B887-79F2ADB90CAD}.Ad-Hoc|iPhoneSimulator.Build.0 = Ad-Hoc|iPhoneSimulator
		{F9F0390E-1774-42B3-B887-79F2ADB90CAD}.Ad-Hoc|iPhoneSimulator.Deploy.0 = Ad-Hoc|iPhoneSimulator
		{F9F0390E-1774-42B3-B887-79F2ADB90CAD}.AppStore|Any CPU.ActiveCfg = AppStore|iPhone
		{F9F0390E-1774-42B3-B887-79F2ADB90CAD}.AppStore|Any CPU.Build.0 = AppStore|iPhone
		{F9F0390E-1774-42B3-B887-79F2ADB90CAD}.AppStore|Any CPU.Deploy.0 = AppStore|iPhone
		{F9F0390E-1774-42B3-B887-79F2ADB90CAD}.AppStore|iPhone.ActiveCfg = AppStore|iPhone
		{F9F0390E-1774-42B3-B887-79F2ADB90CAD}.AppStore|iPhone.Build.0 = AppStore|iPhone
		{F9F0390E-1774-42B3-B887-79F2ADB90CAD}.AppStore|iPhone.Deploy.0 = AppStore|iPhone
		{F9F0390E-1774-42B3-B887-79F2ADB90CAD}.AppStore|iPhoneSimulator.ActiveCfg = AppStore|iPhoneSimulator
		{F9F0390E-1774-42B3-B887-79F2ADB90CAD}.AppStore|iPhoneSimulator.Build.0 = AppStore|iPhoneSimulator
		{F9F0390E-1774-42B3-B887-79F2ADB90CAD}.AppStore|iPhoneSimulator.Deploy.0 = AppStore|iPhoneSimulator
		{F9F0390E-1774-42B3-B887-79F2ADB90CAD}.Debug|Any CPU.ActiveCfg = Debug|iPhoneSimulator
		{F9F0390E-1774-42B3-B887-79F2ADB90CAD}.Debug|Any CPU.Build.0 = Debug|iPhoneSimulator
		{F9F0390E-1774-42B3-B887-79F2ADB90CAD}.Debug|Any CPU.Deploy.0 = Debug|iPhoneSimulator
		{F9F0390E-1774-42B3-B887-79F2ADB90CAD}.Debug|iPhone.ActiveCfg = Debug|iPhone
		{F9F0390E-1774-42B3-B887-79F2ADB90CAD}.Debug|iPhone.Build.0 = Debug|iPhone
		{F9F0390E-1774-42B3-B887-79F2ADB90CAD}.Debug|iPhone.Deploy.0 = Debug|iPhone
		{F9F0390E-1774-42B3-B887-79F2ADB90CAD}.Debug|iPhoneSimulator.ActiveCfg = Debug|iPhoneSimulator
		{F9F0390E-1774-42B3-B887-79F2ADB90CAD}.Debug|iPhoneSimulator.Build.0 = Debug|iPhoneSimulator
		{F9F0390E-1774-42B3-B887-79F2ADB90CAD}.Debug|iPhoneSimulator.Deploy.0 = Debug|iPhoneSimulator
		{F9F0390E-1774-42B3-B887-79F2ADB90CAD}.Release|Any CPU.ActiveCfg = Release|iPhone
		{F9F0390E-1774-42B3-B887-79F2ADB90CAD}.Release|Any CPU.Build.0 = Release|iPhone
		{F9F0390E-1774-42B3-B887-79F2ADB90CAD}.Release|Any CPU.Deploy.0 = Release|iPhone
		{F9F0390E-1774-42B3-B887-79F2ADB90CAD}.Release|iPhone.ActiveCfg = Release|iPhone
		{F9F0390E-1774-42B3-B887-79F2ADB90CAD}.Release|iPhone.Build.0 = Release|iPhone
		{F9F0390E-1774-42B3-B887-79F2ADB90CAD}.Release|iPhone.Deploy.0 = Release|iPhone
		{F9F0390E-1774-42B3-B887-79F2ADB90CAD}.Release|iPhoneSimulator.ActiveCfg = Release|iPhoneSimulator
		{F9F0390E-1774-42B3-B887-79F2ADB90CAD}.Release|iPhoneSimulator.Build.0 = Release|iPhoneSimulator
		{F9F0390E-1774-42B3-B887-79F2ADB90CAD}.Release|iPhoneSimulator.Deploy.0 = Release|iPhoneSimulator
		{22C51EE4-363B-4EC4-8F3E-CB62D9D74C81}.Ad-Hoc|Any CPU.ActiveCfg = Debug|Any CPU
		{22C51EE4-363B-4EC4-8F3E-CB62D9D74C81}.Ad-Hoc|Any CPU.Build.0 = Debug|Any CPU
		{22C51EE4-363B-4EC4-8F3E-CB62D9D74C81}.Ad-Hoc|Any CPU.Deploy.0 = Debug|Any CPU
		{22C51EE4-363B-4EC4-8F3E-CB62D9D74C81}.Ad-Hoc|iPhone.ActiveCfg = Debug|Any CPU
		{22C51EE4-363B-4EC4-8F3E-CB62D9D74C81}.Ad-Hoc|iPhone.Build.0 = Debug|Any CPU
		{22C51EE4-363B-4EC4-8F3E-CB62D9D74C81}.Ad-Hoc|iPhone.Deploy.0 = Debug|Any CPU
		{22C51EE4-363B-4EC4-8F3E-CB62D9D74C81}.Ad-Hoc|iPhoneSimulator.ActiveCfg = Debug|Any CPU
		{22C51EE4-363B-4EC4-8F3E-CB62D9D74C81}.Ad-Hoc|iPhoneSimulator.Build.0 = Debug|Any CPU
		{22C51EE4-363B-4EC4-8F3E-CB62D9D74C81}.Ad-Hoc|iPhoneSimulator.Deploy.0 = Debug|Any CPU
		{22C51EE4-363B-4EC4-8F3E-CB62D9D74C81}.AppStore|Any CPU.ActiveCfg = Debug|Any CPU
		{22C51EE4-363B-4EC4-8F3E-CB62D9D74C81}.AppStore|Any CPU.Build.0 = Debug|Any CPU
		{22C51EE4-363B-4EC4-8F3E-CB62D9D74C81}.AppStore|Any CPU.Deploy.0 = Debug|Any CPU
		{22C51EE4-363B-4EC4-8F3E-CB62D9D74C81}.AppStore|iPhone.ActiveCfg = Debug|Any CPU
		{22C51EE4-363B-4EC4-8F3E-CB62D9D74C81}.AppStore|iPhone.Build.0 = Debug|Any CPU
		{22C51EE4-363B-4EC4-8F3E-CB62D9D74C81}.AppStore|iPhone.Deploy.0 = Debug|Any CPU
		{22C51EE4-363B-4EC4-8F3E-CB62D9D74C81}.AppStore|iPhoneSimulator.ActiveCfg = Debug|Any CPU
		{22C51EE4-363B-4EC4-8F3E-CB62D9D74C81}.AppStore|iPhoneSimulator.Build.0 = Debug|Any CPU
		{22C51EE4-363B-4EC4-8F3E-CB62D9D74C81}.AppStore|iPhoneSimulator.Deploy.0 = Debug|Any CPU
		{22C51EE4-363B-4EC4-8F3E-CB62D9D74C81}.Debug|Any CPU.ActiveCfg = Debug|Any CPU
		{22C51EE4-363B-4EC4-8F3E-CB62D9D74C81}.Debug|Any CPU.Build.0 = Debug|Any CPU
		{22C51EE4-363B-4EC4-8F3E-CB62D9D74C81}.Debug|Any CPU.Deploy.0 = Debug|Any CPU
		{22C51EE4-363B-4EC4-8F3E-CB62D9D74C81}.Debug|iPhone.ActiveCfg = Debug|Any CPU
		{22C51EE4-363B-4EC4-8F3E-CB62D9D74C81}.Debug|iPhone.Build.0 = Debug|Any CPU
		{22C51EE4-363B-4EC4-8F3E-CB62D9D74C81}.Debug|iPhone.Deploy.0 = Debug|Any CPU
		{22C51EE4-363B-4EC4-8F3E-CB62D9D74C81}.Debug|iPhoneSimulator.ActiveCfg = Debug|Any CPU
		{22C51EE4-363B-4EC4-8F3E-CB62D9D74C81}.Debug|iPhoneSimulator.Build.0 = Debug|Any CPU
		{22C51EE4-363B-4EC4-8F3E-CB62D9D74C81}.Debug|iPhoneSimulator.Deploy.0 = Debug|Any CPU
		{22C51EE4-363B-4EC4-8F3E-CB62D9D74C81}.Release|Any CPU.ActiveCfg = Release|Any CPU
		{22C51EE4-363B-4EC4-8F3E-CB62D9D74C81}.Release|Any CPU.Build.0 = Release|Any CPU
		{22C51EE4-363B-4EC4-8F3E-CB62D9D74C81}.Release|Any CPU.Deploy.0 = Release|Any CPU
		{22C51EE4-363B-4EC4-8F3E-CB62D9D74C81}.Release|iPhone.ActiveCfg = Release|Any CPU
		{22C51EE4-363B-4EC4-8F3E-CB62D9D74C81}.Release|iPhone.Build.0 = Release|Any CPU
		{22C51EE4-363B-4EC4-8F3E-CB62D9D74C81}.Release|iPhone.Deploy.0 = Release|Any CPU
		{22C51EE4-363B-4EC4-8F3E-CB62D9D74C81}.Release|iPhoneSimulator.ActiveCfg = Release|Any CPU
		{22C51EE4-363B-4EC4-8F3E-CB62D9D74C81}.Release|iPhoneSimulator.Build.0 = Release|Any CPU
		{22C51EE4-363B-4EC4-8F3E-CB62D9D74C81}.Release|iPhoneSimulator.Deploy.0 = Release|Any CPU
	EndGlobalSection
	GlobalSection(SolutionProperties) = preSolution
		HideSolutionNode = FALSE
	EndGlobalSection
	GlobalSection(ExtensibilityGlobals) = postSolution
		SolutionGuid = {ECEBDD62-5393-4E1E-A468-D9E2E6C9BB8B}
	EndGlobalSection
EndGlobal
